
Microsoft Visual Studio Solution File, Format Version 12.00
# Visual Studio Version 17
VisualStudioVersion = 17.4.33122.133
MinimumVisualStudioVersion = 10.0.40219.1
Project("{FAE04EC0-301F-11D3-BF4B-00C04F79EFBC}") = "giannini.massimo.4i.WPFThreads", "giannini.massimo.4i.WPFThreads\giannini.massimo.4i.WPFThreads.csproj", "{7183CA2E-2806-40FF-A140-C0D87D3F03AA}"
EndProject
Global
	GlobalSection(SolutionConfigurationPlatforms) = preSolution
		Debug|Any CPU = Debug|Any CPU
		Release|Any CPU = Release|Any CPU
	EndGlobalSection
	GlobalSection(ProjectConfigurationPlatforms) = postSolution
		{7183CA2E-2806-40FF-A140-C0D87D3F03AA}.Debug|Any CPU.ActiveCfg = Debug|Any CPU
		{7183CA2E-2806-40FF-A140-C0D87D3F03AA}.Debug|Any CPU.Build.0 = Debug|Any CPU
		{7183CA2E-2806-40FF-A140-C0D87D3F03AA}.Release|Any CPU.ActiveCfg = Release|Any CPU
		{7183CA2E-2806-40FF-A140-C0D87D3F03AA}.Release|Any CPU.Build.0 = Release|Any CPU
	EndGlobalSection
	GlobalSection(SolutionProperties) = preSolution
		HideSolutionNode = FALSE
	EndGlobalSection
	GlobalSection(ExtensibilityGlobals) = postSolution
		SolutionGuid = {11E7832E-0752-4983-ACE5-621027EDCEB0}
	EndGlobalSection
EndGlobal
